# This file is automatically @generated by Cargo.
# It is not intended for manual editing.
version = 4

[[package]]
name = "common"
version = "0.1.0"

[[package]]
name = "enum_basic"
version = "0.1.0"

[[package]]
name = "error_handling_basic"
version = "0.1.0"

[[package]]
name = "file_input_output"
version = "0.1.0"

[[package]]
name = "for_while_loop_basic"
version = "0.1.0"

[[package]]
name = "function_basic"
version = "0.1.0"

[[package]]
name = "generic"
version = "0.1.0"

[[package]]
name = "hashmap_basic"
version = "0.1.0"

[[package]]
name = "if_basic"
version = "0.1.0"

[[package]]
name = "lifetime_basic"
version = "0.1.0"

[[package]]
name = "ownership_borrowing_basic"
version = "0.1.0"

[[package]]
name = "pattern_matching_basic"
version = "0.1.0"

[[package]]
name = "primitive_types"
version = "0.1.0"

[[package]]
name = "string_str"
version = "0.1.0"

[[package]]
name = "struct_basic"
version = "0.1.0"

[[package]]
name = "trait_basic"
version = "0.1.0"

[[package]]
name = "variables_and_constants"
version = "0.1.0"
dependencies = [
 "common",
]

[[package]]
name = "vec_basic"
version = "0.1.0"
